
Microsoft Visual Studio Solution File, Format Version 12.00
# Visual Studio 15
VisualStudioVersion = 15.0.28307.271
MinimumVisualStudioVersion = 10.0.40219.1
Project("{FAE04EC0-301F-11D3-BF4B-00C04F79EFBC}") = "LowerCase", "LowerCase\LowerCase.csproj", "{A9E157F8-8F09-4AEF-B1E2-590C4967FA30}"
EndProject
Project("{FAE04EC0-301F-11D3-BF4B-00C04F79EFBC}") = "Palindrome", "Palindrome\Palindrome.csproj", "{EDC70A37-96B6-4E3F-830A-400FBBA80437}"
EndProject
Project("{FAE04EC0-301F-11D3-BF4B-00C04F79EFBC}") = "Format", "Format\Format.csproj", "{296A63E9-3763-482E-9FCF-4D2A4D31578E}"
EndProject
Global
	GlobalSection(SolutionConfigurationPlatforms) = preSolution
		Debug|Any CPU = Debug|Any CPU
		Release|Any CPU = Release|Any CPU
	EndGlobalSection
	GlobalSection(ProjectConfigurationPlatforms) = postSolution
		{A9E157F8-8F09-4AEF-B1E2-590C4967FA30}.Debug|Any CPU.ActiveCfg = Debug|Any CPU
		{A9E157F8-8F09-4AEF-B1E2-590C4967FA30}.Debug|Any CPU.Build.0 = Debug|Any CPU
		{A9E157F8-8F09-4AEF-B1E2-590C4967FA30}.Release|Any CPU.ActiveCfg = Release|Any CPU
		{A9E157F8-8F09-4AEF-B1E2-590C4967FA30}.Release|Any CPU.Build.0 = Release|Any CPU
		{EDC70A37-96B6-4E3F-830A-400FBBA80437}.Debug|Any CPU.ActiveCfg = Debug|Any CPU
		{EDC70A37-96B6-4E3F-830A-400FBBA80437}.Debug|Any CPU.Build.0 = Debug|Any CPU
		{EDC70A37-96B6-4E3F-830A-400FBBA80437}.Release|Any CPU.ActiveCfg = Release|Any CPU
		{EDC70A37-96B6-4E3F-830A-400FBBA80437}.Release|Any CPU.Build.0 = Release|Any CPU
		{296A63E9-3763-482E-9FCF-4D2A4D31578E}.Debug|Any CPU.ActiveCfg = Debug|Any CPU
		{296A63E9-3763-482E-9FCF-4D2A4D31578E}.Debug|Any CPU.Build.0 = Debug|Any CPU
		{296A63E9-3763-482E-9FCF-4D2A4D31578E}.Release|Any CPU.ActiveCfg = Release|Any CPU
		{296A63E9-3763-482E-9FCF-4D2A4D31578E}.Release|Any CPU.Build.0 = Release|Any CPU
	EndGlobalSection
	GlobalSection(SolutionProperties) = preSolution
		HideSolutionNode = FALSE
	EndGlobalSection
	GlobalSection(ExtensibilityGlobals) = postSolution
		SolutionGuid = {CE18A520-F163-4B3D-9817-850DEA054014}
	EndGlobalSection
EndGlobal
